
Microsoft Visual Studio Solution File, Format Version 12.00
# Visual Studio Version 17
VisualStudioVersion = 17.10.35122.118
MinimumVisualStudioVersion = 10.0.40219.1
Project("{9A19103F-16F7-4668-BE54-9A1E7A4F7556}") = "MovieDLL", "MovieDLL\MovieDLL.csproj", "{A6F21A8C-ACF7-4168-9CFE-1C3D7D7014C1}"
EndProject
Project("{9A19103F-16F7-4668-BE54-9A1E7A4F7556}") = "MovieAPI", "MovieAPI\MovieAPI.csproj", "{BDCC8EA8-0C32-4FFB-9400-5A2FF5D015EB}"
EndProject
Project("{9A19103F-16F7-4668-BE54-9A1E7A4F7556}") = "MovieUI", "MovieUI\MovieUI.csproj", "{A5084110-F307-4DF9-A18A-A4E411194566}"
EndProject
Global
	GlobalSection(SolutionConfigurationPlatforms) = preSolution
		Debug|Any CPU = Debug|Any CPU
		Release|Any CPU = Release|Any CPU
	EndGlobalSection
	GlobalSection(ProjectConfigurationPlatforms) = postSolution
		{A6F21A8C-ACF7-4168-9CFE-1C3D7D7014C1}.Debug|Any CPU.ActiveCfg = Debug|Any CPU
		{A6F21A8C-ACF7-4168-9CFE-1C3D7D7014C1}.Debug|Any CPU.Build.0 = Debug|Any CPU
		{A6F21A8C-ACF7-4168-9CFE-1C3D7D7014C1}.Release|Any CPU.ActiveCfg = Release|Any CPU
		{A6F21A8C-ACF7-4168-9CFE-1C3D7D7014C1}.Release|Any CPU.Build.0 = Release|Any CPU
		{BDCC8EA8-0C32-4FFB-9400-5A2FF5D015EB}.Debug|Any CPU.ActiveCfg = Debug|Any CPU
		{BDCC8EA8-0C32-4FFB-9400-5A2FF5D015EB}.Debug|Any CPU.Build.0 = Debug|Any CPU
		{BDCC8EA8-0C32-4FFB-9400-5A2FF5D015EB}.Release|Any CPU.ActiveCfg = Release|Any CPU
		{BDCC8EA8-0C32-4FFB-9400-5A2FF5D015EB}.Release|Any CPU.Build.0 = Release|Any CPU
		{A5084110-F307-4DF9-A18A-A4E411194566}.Debug|Any CPU.ActiveCfg = Debug|Any CPU
		{A5084110-F307-4DF9-A18A-A4E411194566}.Debug|Any CPU.Build.0 = Debug|Any CPU
		{A5084110-F307-4DF9-A18A-A4E411194566}.Release|Any CPU.ActiveCfg = Release|Any CPU
		{A5084110-F307-4DF9-A18A-A4E411194566}.Release|Any CPU.Build.0 = Release|Any CPU
	EndGlobalSection
	GlobalSection(SolutionProperties) = preSolution
		HideSolutionNode = FALSE
	EndGlobalSection
	GlobalSection(ExtensibilityGlobals) = postSolution
		SolutionGuid = {17FC6909-3A46-4045-9E8C-C6B879EE214F}
	EndGlobalSection
EndGlobal
